
Microsoft Visual Studio Solution File, Format Version 12.00
# Visual Studio Version 17
VisualStudioVersion = 17.4.33110.190
MinimumVisualStudioVersion = 10.0.40219.1
Project("{FAE04EC0-301F-11D3-BF4B-00C04F79EFBC}") = "ATARK_Backend", "ATARK_Backend.csproj", "{551578F6-22E0-4657-9DC9-9DB465321296}"
EndProject
Global
	GlobalSection(SolutionConfigurationPlatforms) = preSolution
		Debug|Any CPU = Debug|Any CPU
		Release|Any CPU = Release|Any CPU
	EndGlobalSection
	GlobalSection(ProjectConfigurationPlatforms) = postSolution
		{551578F6-22E0-4657-9DC9-9DB465321296}.Debug|Any CPU.ActiveCfg = Debug|Any CPU
		{551578F6-22E0-4657-9DC9-9DB465321296}.Debug|Any CPU.Build.0 = Debug|Any CPU
		{551578F6-22E0-4657-9DC9-9DB465321296}.Release|Any CPU.ActiveCfg = Release|Any CPU
		{551578F6-22E0-4657-9DC9-9DB465321296}.Release|Any CPU.Build.0 = Release|Any CPU
	EndGlobalSection
	GlobalSection(SolutionProperties) = preSolution
		HideSolutionNode = FALSE
	EndGlobalSection
	GlobalSection(ExtensibilityGlobals) = postSolution
		SolutionGuid = {4FB0E042-8C99-4879-AE24-ABDD70A3E6E0}
	EndGlobalSection
EndGlobal
